// !$*UTF8*$!
{
	archiveVersion = 1;
	classes = {
	};
	objectVersion = 56;
	objects = {

/* Begin PBXBuildFile section */
		BE5097702C707184005B83D3 /* GSImageViewerController.swift in Sources */ = {isa = PBXBuildFile; fileRef = BE50976F2C707184005B83D3 /* GSImageViewerController.swift */; };
		BE7A0C502C760592009B1D94 /* ImageLowerResulationMaker.swift in Sources */ = {isa = PBXBuildFile; fileRef = BE7A0C4F2C760592009B1D94 /* ImageLowerResulationMaker.swift */; };
		BEAB437F2C7347D70021F0ED /* MyCollectionViewFlowLayout.swift in Sources */ = {isa = PBXBuildFile; fileRef = BEAB437E2C7347D70021F0ED /* MyCollectionViewFlowLayout.swift */; };
		BEF40A2F2C6FBB7100A9E17F /* DisplayViewController.swift in Sources */ = {isa = PBXBuildFile; fileRef = BEF40A2E2C6FBB7100A9E17F /* DisplayViewController.swift */; };
		BEF40A322C6FBBF400A9E17F /* DisplayVCfirstCell.xib in Resources */ = {isa = PBXBuildFile; fileRef = BEF40A312C6FBBF400A9E17F /* DisplayVCfirstCell.xib */; };
		BEF40A332C6FBBF400A9E17F /* DisplayVCfirstCell.swift in Sources */ = {isa = PBXBuildFile; fileRef = BEF40A302C6FBBF400A9E17F /* DisplayVCfirstCell.swift */; };
		BEF40A362C6FD4FC00A9E17F /* DisplayVCSecondCell.xib in Resources */ = {isa = PBXBuildFile; fileRef = BEF40A352C6FD4FC00A9E17F /* DisplayVCSecondCell.xib */; };
		BEF40A372C6FD4FC00A9E17F /* DisplayVCSecondCell.swift in Sources */ = {isa = PBXBuildFile; fileRef = BEF40A342C6FD4FC00A9E17F /* DisplayVCSecondCell.swift */; };
		BEFEDA152C6CA523008A92E0 /* AppDelegate.swift in Sources */ = {isa = PBXBuildFile; fileRef = BEFEDA142C6CA523008A92E0 /* AppDelegate.swift */; };
		BEFEDA172C6CA523008A92E0 /* SceneDelegate.swift in Sources */ = {isa = PBXBuildFile; fileRef = BEFEDA162C6CA523008A92E0 /* SceneDelegate.swift */; };
		BEFEDA192C6CA523008A92E0 /* ViewController.swift in Sources */ = {isa = PBXBuildFile; fileRef = BEFEDA182C6CA523008A92E0 /* ViewController.swift */; };
		BEFEDA1C2C6CA523008A92E0 /* Base in Resources */ = {isa = PBXBuildFile; fileRef = BEFEDA1B2C6CA523008A92E0 /* Base */; };
		BEFEDA1F2C6CA523008A92E0 /* Photo_project.xcdatamodeld in Sources */ = {isa = PBXBuildFile; fileRef = BEFEDA1D2C6CA523008A92E0 /* Photo_project.xcdatamodeld */; };
		BEFEDA212C6CA524008A92E0 /* Assets.xcassets in Resources */ = {isa = PBXBuildFile; fileRef = BEFEDA202C6CA524008A92E0 /* Assets.xcassets */; };
		BEFEDA242C6CA524008A92E0 /* Base in Resources */ = {isa = PBXBuildFile; fileRef = BEFEDA232C6CA524008A92E0 /* Base */; };
		BEFEDA2D2C6CA54F008A92E0 /* CollectionViewCell.swift in Sources */ = {isa = PBXBuildFile; fileRef = BEFEDA2B2C6CA54F008A92E0 /* CollectionViewCell.swift */; };
		BEFEDA2E2C6CA54F008A92E0 /* CollectionViewCell.xib in Resources */ = {isa = PBXBuildFile; fileRef = BEFEDA2C2C6CA54F008A92E0 /* CollectionViewCell.xib */; };
		BEFEDA312C6CA563008A92E0 /* TableViewCell.swift in Sources */ = {isa = PBXBuildFile; fileRef = BEFEDA2F2C6CA563008A92E0 /* TableViewCell.swift */; };
		BEFEDA322C6CA563008A92E0 /* TableViewCell.xib in Resources */ = {isa = PBXBuildFile; fileRef = BEFEDA302C6CA563008A92E0 /* TableViewCell.xib */; };
		BEFEDA342C6CB0B6008A92E0 /* DatabaseManager.swift in Sources */ = {isa = PBXBuildFile; fileRef = BEFEDA332C6CB0B6008A92E0 /* DatabaseManager.swift */; };
/* End PBXBuildFile section */

/* Begin PBXFileReference section */
		BE50976F2C707184005B83D3 /* GSImageViewerController.swift */ = {isa = PBXFileReference; fileEncoding = 4; lastKnownFileType = sourcecode.swift; path = GSImageViewerController.swift; sourceTree = "<group>"; };
		BE7A0C4F2C760592009B1D94 /* ImageLowerResulationMaker.swift */ = {isa = PBXFileReference; lastKnownFileType = sourcecode.swift; path = ImageLowerResulationMaker.swift; sourceTree = "<group>"; };
		BEAB437E2C7347D70021F0ED /* MyCollectionViewFlowLayout.swift */ = {isa = PBXFileReference; lastKnownFileType = sourcecode.swift; path = MyCollectionViewFlowLayout.swift; sourceTree = "<group>"; };
		BEF40A2E2C6FBB7100A9E17F /* DisplayViewController.swift */ = {isa = PBXFileReference; lastKnownFileType = sourcecode.swift; path = DisplayViewController.swift; sourceTree = "<group>"; };
		BEF40A302C6FBBF400A9E17F /* DisplayVCfirstCell.swift */ = {isa = PBXFileReference; lastKnownFileType = sourcecode.swift; path = DisplayVCfirstCell.swift; sourceTree = "<group>"; };
		BEF40A312C6FBBF400A9E17F /* DisplayVCfirstCell.xib */ = {isa = PBXFileReference; lastKnownFileType = file.xib; path = DisplayVCfirstCell.xib; sourceTree = "<group>"; };
		BEF40A342C6FD4FC00A9E17F /* DisplayVCSecondCell.swift */ = {isa = PBXFileReference; lastKnownFileType = sourcecode.swift; path = DisplayVCSecondCell.swift; sourceTree = "<group>"; };
		BEF40A352C6FD4FC00A9E17F /* DisplayVCSecondCell.xib */ = {isa = PBXFileReference; lastKnownFileType = file.xib; path = DisplayVCSecondCell.xib; sourceTree = "<group>"; };
		BEFEDA112C6CA523008A92E0 /* Photo project.app */ = {isa = PBXFileReference; explicitFileType = wrapper.application; includeInIndex = 0; path = "Photo project.app"; sourceTree = BUILT_PRODUCTS_DIR; };
		BEFEDA142C6CA523008A92E0 /* AppDelegate.swift */ = {isa = PBXFileReference; lastKnownFileType = sourcecode.swift; path = AppDelegate.swift; sourceTree = "<group>"; };
		BEFEDA162C6CA523008A92E0 /* SceneDelegate.swift */ = {isa = PBXFileReference; lastKnownFileType = sourcecode.swift; path = SceneDelegate.swift; sourceTree = "<group>"; };
		BEFEDA182C6CA523008A92E0 /* ViewController.swift */ = {isa = PBXFileReference; lastKnownFileType = sourcecode.swift; path = ViewController.swift; sourceTree = "<group>"; };
		BEFEDA1B2C6CA523008A92E0 /* Base */ = {isa = PBXFileReference; lastKnownFileType = file.storyboard; name = Base; path = Base.lproj/Main.storyboard; sourceTree = "<group>"; };
		BEFEDA1E2C6CA523008A92E0 /* Photo_project.xcdatamodel */ = {isa = PBXFileReference; lastKnownFileType = wrapper.xcdatamodel; path = Photo_project.xcdatamodel; sourceTree = "<group>"; };
		BEFEDA202C6CA524008A92E0 /* Assets.xcassets */ = {isa = PBXFileReference; lastKnownFileType = folder.assetcatalog; path = Assets.xcassets; sourceTree = "<group>"; };
		BEFEDA232C6CA524008A92E0 /* Base */ = {isa = PBXFileReference; lastKnownFileType = file.storyboard; name = Base; path = Base.lproj/LaunchScreen.storyboard; sourceTree = "<group>"; };
		BEFEDA252C6CA524008A92E0 /* Info.plist */ = {isa = PBXFileReference; lastKnownFileType = text.plist.xml; path = Info.plist; sourceTree = "<group>"; };
		BEFEDA2B2C6CA54F008A92E0 /* CollectionViewCell.swift */ = {isa = PBXFileReference; lastKnownFileType = sourcecode.swift; path = CollectionViewCell.swift; sourceTree = "<group>"; };
		BEFEDA2C2C6CA54F008A92E0 /* CollectionViewCell.xib */ = {isa = PBXFileReference; lastKnownFileType = file.xib; path = CollectionViewCell.xib; sourceTree = "<group>"; };
		BEFEDA2F2C6CA563008A92E0 /* TableViewCell.swift */ = {isa = PBXFileReference; lastKnownFileType = sourcecode.swift; path = TableViewCell.swift; sourceTree = "<group>"; };
		BEFEDA302C6CA563008A92E0 /* TableViewCell.xib */ = {isa = PBXFileReference; lastKnownFileType = file.xib; path = TableViewCell.xib; sourceTree = "<group>"; };
		BEFEDA332C6CB0B6008A92E0 /* DatabaseManager.swift */ = {isa = PBXFileReference; lastKnownFileType = sourcecode.swift; path = DatabaseManager.swift; sourceTree = "<group>"; };
/* End PBXFileReference section */

/* Begin PBXFrameworksBuildPhase section */
		BEFEDA0E2C6CA523008A92E0 /* Frameworks */ = {
			isa = PBXFrameworksBuildPhase;
			buildActionMask = 2147483647;
			files = (
			);
			runOnlyForDeploymentPostprocessing = 0;
		};
/* End PBXFrameworksBuildPhase section */

/* Begin PBXGroup section */
		BE1C24AB2C6D3135008F24AD /* Application */ = {
			isa = PBXGroup;
			children = (
				BEFEDA142C6CA523008A92E0 /* AppDelegate.swift */,
				BEFEDA162C6CA523008A92E0 /* SceneDelegate.swift */,
			);
			path = Application;
			sourceTree = "<group>";
		};
		BE1C24AC2C6D3142008F24AD /* Model */ = {
			isa = PBXGroup;
			children = (
				BEFEDA332C6CB0B6008A92E0 /* DatabaseManager.swift */,
				BEFEDA1D2C6CA523008A92E0 /* Photo_project.xcdatamodeld */,
			);
			path = Model;
			sourceTree = "<group>";
		};
		BE1C24AD2C6D316C008F24AD /* View */ = {
			isa = PBXGroup;
			children = (
				BEFEDA2F2C6CA563008A92E0 /* TableViewCell.swift */,
				BEFEDA2B2C6CA54F008A92E0 /* CollectionViewCell.swift */,
				BEF40A302C6FBBF400A9E17F /* DisplayVCfirstCell.swift */,
				BEF40A342C6FD4FC00A9E17F /* DisplayVCSecondCell.swift */,
				BEFEDA302C6CA563008A92E0 /* TableViewCell.xib */,
				BEFEDA2C2C6CA54F008A92E0 /* CollectionViewCell.xib */,
				BEF40A312C6FBBF400A9E17F /* DisplayVCfirstCell.xib */,
				BEF40A352C6FD4FC00A9E17F /* DisplayVCSecondCell.xib */,
			);
			path = View;
			sourceTree = "<group>";
		};
		BE1C24AE2C6D3174008F24AD /* Controller */ = {
			isa = PBXGroup;
			children = (
				BEFEDA182C6CA523008A92E0 /* ViewController.swift */,
				BEF40A2E2C6FBB7100A9E17F /* DisplayViewController.swift */,
			);
			path = Controller;
			sourceTree = "<group>";
		};
		BE1C24AF2C6D317D008F24AD /* StoryBoard */ = {
			isa = PBXGroup;
			children = (
				BEFEDA1A2C6CA523008A92E0 /* Main.storyboard */,
				BEFEDA222C6CA524008A92E0 /* LaunchScreen.storyboard */,
			);
			path = StoryBoard;
			sourceTree = "<group>";
		};
		BE7A0C4E2C760562009B1D94 /* Extention */ = {
			isa = PBXGroup;
			children = (
				BE7A0C4F2C760592009B1D94 /* ImageLowerResulationMaker.swift */,
				BEAB437E2C7347D70021F0ED /* MyCollectionViewFlowLayout.swift */,
			);
			path = Extention;
			sourceTree = "<group>";
		};
		BEFEDA082C6CA523008A92E0 = {
			isa = PBXGroup;
			children = (
				BEFEDA132C6CA523008A92E0 /* Photo project */,
				BEFEDA122C6CA523008A92E0 /* Products */,
			);
			sourceTree = "<group>";
		};
		BEFEDA122C6CA523008A92E0 /* Products */ = {
			isa = PBXGroup;
			children = (
				BEFEDA112C6CA523008A92E0 /* Photo project.app */,
			);
			name = Products;
			sourceTree = "<group>";
		};
		BEFEDA132C6CA523008A92E0 /* Photo project */ = {
			isa = PBXGroup;
			children = (
				BE7A0C4E2C760562009B1D94 /* Extention */,
				BE1C24AB2C6D3135008F24AD /* Application */,
				BE1C24AC2C6D3142008F24AD /* Model */,
				BE1C24AD2C6D316C008F24AD /* View */,
				BE1C24AE2C6D3174008F24AD /* Controller */,
				BE50976F2C707184005B83D3 /* GSImageViewerController.swift */,
				BE1C24AF2C6D317D008F24AD /* StoryBoard */,
				BEFEDA202C6CA524008A92E0 /* Assets.xcassets */,
				BEFEDA252C6CA524008A92E0 /* Info.plist */,
			);
			path = "Photo project";
			sourceTree = "<group>";
		};
/* End PBXGroup section */

/* Begin PBXNativeTarget section */
		BEFEDA102C6CA523008A92E0 /* Photo project */ = {
			isa = PBXNativeTarget;
			buildConfigurationList = BEFEDA282C6CA524008A92E0 /* Build configuration list for PBXNativeTarget "Photo project" */;
			buildPhases = (
				BEFEDA0D2C6CA523008A92E0 /* Sources */,
				BEFEDA0E2C6CA523008A92E0 /* Frameworks */,
				BEFEDA0F2C6CA523008A92E0 /* Resources */,
			);
			buildRules = (
			);
			dependencies = (
			);
			name = "Photo project";
			productName = "Photo project";
			productReference = BEFEDA112C6CA523008A92E0 /* Photo project.app */;
			productType = "com.apple.product-type.application";
		};
/* End PBXNativeTarget section */

/* Begin PBXProject section */
		BEFEDA092C6CA523008A92E0 /* Project object */ = {
			isa = PBXProject;
			attributes = {
				BuildIndependentTargetsInParallel = 1;
				LastSwiftUpdateCheck = 1540;
				LastUpgradeCheck = 1540;
				TargetAttributes = {
					BEFEDA102C6CA523008A92E0 = {
						CreatedOnToolsVersion = 15.4;
					};
				};
			};
			buildConfigurationList = BEFEDA0C2C6CA523008A92E0 /* Build configuration list for PBXProject "Photo project" */;
			compatibilityVersion = "Xcode 14.0";
			developmentRegion = en;
			hasScannedForEncodings = 0;
			knownRegions = (
				en,
				Base,
			);
			mainGroup = BEFEDA082C6CA523008A92E0;
			productRefGroup = BEFEDA122C6CA523008A92E0 /* Products */;
			projectDirPath = "";
			projectRoot = "";
			targets = (
				BEFEDA102C6CA523008A92E0 /* Photo project */,
			);
		};
/* End PBXProject section */

/* Begin PBXResourcesBuildPhase section */
		BEFEDA0F2C6CA523008A92E0 /* Resources */ = {
			isa = PBXResourcesBuildPhase;
			buildActionMask = 2147483647;
			files = (
				BEFEDA212C6CA524008A92E0 /* Assets.xcassets in Resources */,
				BEFEDA322C6CA563008A92E0 /* TableViewCell.xib in Resources */,
				BEF40A322C6FBBF400A9E17F /* DisplayVCfirstCell.xib in Resources */,
				BEFEDA242C6CA524008A92E0 /* Base in Resources */,
				BEF40A362C6FD4FC00A9E17F /* DisplayVCSecondCell.xib in Resources */,
				BEFEDA2E2C6CA54F008A92E0 /* CollectionViewCell.xib in Resources */,
				BEFEDA1C2C6CA523008A92E0 /* Base in Resources */,
			);
			runOnlyForDeploymentPostprocessing = 0;
		};
/* End PBXResourcesBuildPhase section */

/* Begin PBXSourcesBuildPhase section */
		BEFEDA0D2C6CA523008A92E0 /* Sources */ = {
			isa = PBXSourcesBuildPhase;
			buildActionMask = 2147483647;
			files = (
				BEFEDA2D2C6CA54F008A92E0 /* CollectionViewCell.swift in Sources */,
				BEF40A332C6FBBF400A9E17F /* DisplayVCfirstCell.swift in Sources */,
				BEFEDA192C6CA523008A92E0 /* ViewController.swift in Sources */,
				BEFEDA152C6CA523008A92E0 /* AppDelegate.swift in Sources */,
				BEAB437F2C7347D70021F0ED /* MyCollectionViewFlowLayout.swift in Sources */,
				BEF40A2F2C6FBB7100A9E17F /* DisplayViewController.swift in Sources */,
				BE7A0C502C760592009B1D94 /* ImageLowerResulationMaker.swift in Sources */,
				BE5097702C707184005B83D3 /* GSImageViewerController.swift in Sources */,
				BEFEDA312C6CA563008A92E0 /* TableViewCell.swift in Sources */,
				BEFEDA1F2C6CA523008A92E0 /* Photo_project.xcdatamodeld in Sources */,
				BEFEDA172C6CA523008A92E0 /* SceneDelegate.swift in Sources */,
				BEFEDA342C6CB0B6008A92E0 /* DatabaseManager.swift in Sources */,
				BEF40A372C6FD4FC00A9E17F /* DisplayVCSecondCell.swift in Sources */,
			);
			runOnlyForDeploymentPostprocessing = 0;
		};
/* End PBXSourcesBuildPhase section */

/* Begin PBXVariantGroup section */
		BEFEDA1A2C6CA523008A92E0 /* Main.storyboard */ = {
			isa = PBXVariantGroup;
			children = (
				BEFEDA1B2C6CA523008A92E0 /* Base */,
			);
			name = Main.storyboard;
			sourceTree = "<group>";
		};
		BEFEDA222C6CA524008A92E0 /* LaunchScreen.storyboard */ = {
			isa = PBXVariantGroup;
			children = (
				BEFEDA232C6CA524008A92E0 /* Base */,
			);
			name = LaunchScreen.storyboard;
			sourceTree = "<group>";
		};
/* End PBXVariantGroup section */

/* Begin XCBuildConfiguration section */
		BEFEDA262C6CA524008A92E0 /* Debug */ = {
			isa = XCBuildConfiguration;
			buildSettings = {
				ALWAYS_SEARCH_USER_PATHS = NO;
				ASSETCATALOG_COMPILER_GENERATE_SWIFT_ASSET_SYMBOL_EXTENSIONS = YES;
				CLANG_ANALYZER_NONNULL = YES;
				CLANG_ANALYZER_NUMBER_OBJECT_CONVERSION = YES_AGGRESSIVE;
				CLANG_CXX_LANGUAGE_STANDARD = "gnu++20";
				CLANG_ENABLE_MODULES = YES;
				CLANG_ENABLE_OBJC_ARC = YES;
				CLANG_ENABLE_OBJC_WEAK = YES;
				CLANG_WARN_BLOCK_CAPTURE_AUTORELEASING = YES;
				CLANG_WARN_BOOL_CONVERSION = YES;
				CLANG_WARN_COMMA = YES;
				CLANG_WARN_CONSTANT_CONVERSION = YES;
				CLANG_WARN_DEPRECATED_OBJC_IMPLEMENTATIONS = YES;
				CLANG_WARN_DIRECT_OBJC_ISA_USAGE = YES_ERROR;
				CLANG_WARN_DOCUMENTATION_COMMENTS = YES;
				CLANG_WARN_EMPTY_BODY = YES;
				CLANG_WARN_ENUM_CONVERSION = YES;
				CLANG_WARN_INFINITE_RECURSION = YES;
				CLANG_WARN_INT_CONVERSION = YES;
				CLANG_WARN_NON_LITERAL_NULL_CONVERSION = YES;
				CLANG_WARN_OBJC_IMPLICIT_RETAIN_SELF = YES;
				CLANG_WARN_OBJC_LITERAL_CONVERSION = YES;
				CLANG_WARN_OBJC_ROOT_CLASS = YES_ERROR;
				CLANG_WARN_QUOTED_INCLUDE_IN_FRAMEWORK_HEADER = YES;
				CLANG_WARN_RANGE_LOOP_ANALYSIS = YES;
				CLANG_WARN_STRICT_PROTOTYPES = YES;
				CLANG_WARN_SUSPICIOUS_MOVE = YES;
				CLANG_WARN_UNGUARDED_AVAILABILITY = YES_AGGRESSIVE;
				CLANG_WARN_UNREACHABLE_CODE = YES;
				CLANG_WARN__DUPLICATE_METHOD_MATCH = YES;
				COPY_PHASE_STRIP = NO;
				DEBUG_INFORMATION_FORMAT = dwarf;
				ENABLE_STRICT_OBJC_MSGSEND = YES;
				ENABLE_TESTABILITY = YES;
				ENABLE_USER_SCRIPT_SANDBOXING = YES;
				GCC_C_LANGUAGE_STANDARD = gnu17;
				GCC_DYNAMIC_NO_PIC = NO;
				GCC_NO_COMMON_BLOCKS = YES;
				GCC_OPTIMIZATION_LEVEL = 0;
				GCC_PREPROCESSOR_DEFINITIONS = (
					"DEBUG=1",
					"$(inherited)",
				);
				GCC_WARN_64_TO_32_BIT_CONVERSION = YES;
				GCC_WARN_ABOUT_RETURN_TYPE = YES_ERROR;
				GCC_WARN_UNDECLARED_SELECTOR = YES;
				GCC_WARN_UNINITIALIZED_AUTOS = YES_AGGRESSIVE;
				GCC_WARN_UNUSED_FUNCTION = YES;
				GCC_WARN_UNUSED_VARIABLE = YES;
				IPHONEOS_DEPLOYMENT_TARGET = 17.5;
				LOCALIZATION_PREFERS_STRING_CATALOGS = YES;
				MTL_ENABLE_DEBUG_INFO = INCLUDE_SOURCE;
				MTL_FAST_MATH = YES;
				ONLY_ACTIVE_ARCH = YES;
				SDKROOT = iphoneos;
				SWIFT_ACTIVE_COMPILATION_CONDITIONS = "DEBUG $(inherited)";
				SWIFT_OPTIMIZATION_LEVEL = "-Onone";
			};
			name = Debug;
		};
		BEFEDA272C6CA524008A92E0 /* Release */ = {
			isa = XCBuildConfiguration;
			buildSettings = {
				ALWAYS_SEARCH_USER_PATHS = NO;
				ASSETCATALOG_COMPILER_GENERATE_SWIFT_ASSET_SYMBOL_EXTENSIONS = YES;
				CLANG_ANALYZER_NONNULL = YES;
				CLANG_ANALYZER_NUMBER_OBJECT_CONVERSION = YES_AGGRESSIVE;
				CLANG_CXX_LANGUAGE_STANDARD = "gnu++20";
				CLANG_ENABLE_MODULES = YES;
				CLANG_ENABLE_OBJC_ARC = YES;
				CLANG_ENABLE_OBJC_WEAK = YES;
				CLANG_WARN_BLOCK_CAPTURE_AUTORELEASING = YES;
				CLANG_WARN_BOOL_CONVERSION = YES;
				CLANG_WARN_COMMA = YES;
				CLANG_WARN_CONSTANT_CONVERSION = YES;
				CLANG_WARN_DEPRECATED_OBJC_IMPLEMENTATIONS = YES;
				CLANG_WARN_DIRECT_OBJC_ISA_USAGE = YES_ERROR;
				CLANG_WARN_DOCUMENTATION_COMMENTS = YES;
				CLANG_WARN_EMPTY_BODY = YES;
				CLANG_WARN_ENUM_CONVERSION = YES;
				CLANG_WARN_INFINITE_RECURSION = YES;
				CLANG_WARN_INT_CONVERSION = YES;
				CLANG_WARN_NON_LITERAL_NULL_CONVERSION = YES;
				CLANG_WARN_OBJC_IMPLICIT_RETAIN_SELF = YES;
				CLANG_WARN_OBJC_LITERAL_CONVERSION = YES;
				CLANG_WARN_OBJC_ROOT_CLASS = YES_ERROR;
				CLANG_WARN_QUOTED_INCLUDE_IN_FRAMEWORK_HEADER = YES;
				CLANG_WARN_RANGE_LOOP_ANALYSIS = YES;
				CLANG_WARN_STRICT_PROTOTYPES = YES;
				CLANG_WARN_SUSPICIOUS_MOVE = YES;
				CLANG_WARN_UNGUARDED_AVAILABILITY = YES_AGGRESSIVE;
				CLANG_WARN_UNREACHABLE_CODE = YES;
				CLANG_WARN__DUPLICATE_METHOD_MATCH = YES;
				COPY_PHASE_STRIP = NO;
				DEBUG_INFORMATION_FORMAT = "dwarf-with-dsym";
				ENABLE_NS_ASSERTIONS = NO;
				ENABLE_STRICT_OBJC_MSGSEND = YES;
				ENABLE_USER_SCRIPT_SANDBOXING = YES;
				GCC_C_LANGUAGE_STANDARD = gnu17;
				GCC_NO_COMMON_BLOCKS = YES;
				GCC_WARN_64_TO_32_BIT_CONVERSION = YES;
				GCC_WARN_ABOUT_RETURN_TYPE = YES_ERROR;
				GCC_WARN_UNDECLARED_SELECTOR = YES;
				GCC_WARN_UNINITIALIZED_AUTOS = YES_AGGRESSIVE;
				GCC_WARN_UNUSED_FUNCTION = YES;
				GCC_WARN_UNUSED_VARIABLE = YES;
				IPHONEOS_DEPLOYMENT_TARGET = 17.5;
				LOCALIZATION_PREFERS_STRING_CATALOGS = YES;
				MTL_ENABLE_DEBUG_INFO = NO;
				MTL_FAST_MATH = YES;
				SDKROOT = iphoneos;
				SWIFT_COMPILATION_MODE = wholemodule;
				VALIDATE_PRODUCT = YES;
			};
			name = Release;
		};
		BEFEDA292C6CA524008A92E0 /* Debug */ = {
			isa = XCBuildConfiguration;
			buildSettings = {
				ASSETCATALOG_COMPILER_APPICON_NAME = AppIcon;
				ASSETCATALOG_COMPILER_GLOBAL_ACCENT_COLOR_NAME = AccentColor;
				CODE_SIGN_STYLE = Automatic;
				CURRENT_PROJECT_VERSION = 1;
				GENERATE_INFOPLIST_FILE = YES;
				INFOPLIST_FILE = "Photo project/Info.plist";
				INFOPLIST_KEY_UIApplicationSupportsIndirectInputEvents = YES;
				INFOPLIST_KEY_UILaunchStoryboardName = LaunchScreen;
				INFOPLIST_KEY_UIMainStoryboardFile = Main;
				INFOPLIST_KEY_UISupportedInterfaceOrientations_iPad = "UIInterfaceOrientationPortrait UIInterfaceOrientationPortraitUpsideDown UIInterfaceOrientationLandscapeLeft UIInterfaceOrientationLandscapeRight";
				INFOPLIST_KEY_UISupportedInterfaceOrientations_iPhone = "UIInterfaceOrientationPortrait UIInterfaceOrientationLandscapeLeft UIInterfaceOrientationLandscapeRight";
				LD_RUNPATH_SEARCH_PATHS = (
					"$(inherited)",
					"@executable_path/Frameworks",
				);
				MARKETING_VERSION = 1.0;
				PRODUCT_BUNDLE_IDENTIFIER = "thirdcode.Photo-project";
				PRODUCT_NAME = "$(TARGET_NAME)";
				SWIFT_EMIT_LOC_STRINGS = YES;
				SWIFT_VERSION = 5.0;
				TARGETED_DEVICE_FAMILY = "1,2";
			};
			name = Debug;
		};
		BEFEDA2A2C6CA524008A92E0 /* Release */ = {
			isa = XCBuildConfiguration;
			buildSettings = {
				ASSETCATALOG_COMPILER_APPICON_NAME = AppIcon;
				ASSETCATALOG_COMPILER_GLOBAL_ACCENT_COLOR_NAME = AccentColor;
				CODE_SIGN_STYLE = Automatic;
				CURRENT_PROJECT_VERSION = 1;
				GENERATE_INFOPLIST_FILE = YES;
				INFOPLIST_FILE = "Photo project/Info.plist";
				INFOPLIST_KEY_UIApplicationSupportsIndirectInputEvents = YES;
				INFOPLIST_KEY_UILaunchStoryboardName = LaunchScreen;
				INFOPLIST_KEY_UIMainStoryboardFile = Main;
				INFOPLIST_KEY_UISupportedInterfaceOrientations_iPad = "UIInterfaceOrientationPortrait UIInterfaceOrientationPortraitUpsideDown UIInterfaceOrientationLandscapeLeft UIInterfaceOrientationLandscapeRight";
				INFOPLIST_KEY_UISupportedInterfaceOrientations_iPhone = "UIInterfaceOrientationPortrait UIInterfaceOrientationLandscapeLeft UIInterfaceOrientationLandscapeRight";
				LD_RUNPATH_SEARCH_PATHS = (
					"$(inherited)",
					"@executable_path/Frameworks",
				);
				MARKETING_VERSION = 1.0;
				PRODUCT_BUNDLE_IDENTIFIER = "thirdcode.Photo-project";
				PRODUCT_NAME = "$(TARGET_NAME)";
				SWIFT_EMIT_LOC_STRINGS = YES;
				SWIFT_VERSION = 5.0;
				TARGETED_DEVICE_FAMILY = "1,2";
			};
			name = Release;
		};
/* End XCBuildConfiguration section */

/* Begin XCConfigurationList section */
		BEFEDA0C2C6CA523008A92E0 /* Build configuration list for PBXProject "Photo project" */ = {
			isa = XCConfigurationList;
			buildConfigurations = (
				BEFEDA262C6CA524008A92E0 /* Debug */,
				BEFEDA272C6CA524008A92E0 /* Release */,
			);
			defaultConfigurationIsVisible = 0;
			defaultConfigurationName = Release;
		};
		BEFEDA282C6CA524008A92E0 /* Build configuration list for PBXNativeTarget "Photo project" */ = {
			isa = XCConfigurationList;
			buildConfigurations = (
				BEFEDA292C6CA524008A92E0 /* Debug */,
				BEFEDA2A2C6CA524008A92E0 /* Release */,
			);
			defaultConfigurationIsVisible = 0;
			defaultConfigurationName = Release;
		};
/* End XCConfigurationList section */

/* Begin XCVersionGroup section */
		BEFEDA1D2C6CA523008A92E0 /* Photo_project.xcdatamodeld */ = {
			isa = XCVersionGroup;
			children = (
				BEFEDA1E2C6CA523008A92E0 /* Photo_project.xcdatamodel */,
			);
			currentVersion = BEFEDA1E2C6CA523008A92E0 /* Photo_project.xcdatamodel */;
			path = Photo_project.xcdatamodeld;
			sourceTree = "<group>";
			versionGroupType = wrapper.xcdatamodel;
		};
/* End XCVersionGroup section */
	};
	rootObject = BEFEDA092C6CA523008A92E0 /* Project object */;
}
